// !$*UTF8*$!
{
	archiveVersion = 1;
	classes = {
	};
	objectVersion = 56;
	objects = {

/* Begin PBXBuildFile section */
		24918A482C27B1B5000EE644 /* CameraView2Controller.swift in Sources */ = {isa = PBXBuildFile; fileRef = 24918A472C27B179000EE644 /* CameraView2Controller.swift */; };
		24BE70952C1FC2300095912C /* AlignApp.swift in Sources */ = {isa = PBXBuildFile; fileRef = 24BE70942C1FC2300095912C /* AlignApp.swift */; };
		24BE70972C1FC2300095912C /* ContentView.swift in Sources */ = {isa = PBXBuildFile; fileRef = 24BE70962C1FC2300095912C /* ContentView.swift */; };
		24BE70992C1FC2320095912C /* Assets.xcassets in Resources */ = {isa = PBXBuildFile; fileRef = 24BE70982C1FC2320095912C /* Assets.xcassets */; };
		24BE709C2C1FC2320095912C /* Preview Assets.xcassets in Resources */ = {isa = PBXBuildFile; fileRef = 24BE709B2C1FC2320095912C /* Preview Assets.xcassets */; };
		24FCD4AF2C213C33009BDEB0 /* ViewController.swift in Sources */ = {isa = PBXBuildFile; fileRef = 24FCD4AE2C213C33009BDEB0 /* ViewController.swift */; };
		24FCD4B12C226B0C009BDEB0 /* Auth in Frameworks */ = {isa = PBXBuildFile; productRef = 24FCD4B02C226B0C009BDEB0 /* Auth */; };
		24FCD4B32C226B0C009BDEB0 /* Functions in Frameworks */ = {isa = PBXBuildFile; productRef = 24FCD4B22C226B0C009BDEB0 /* Functions */; };
		24FCD4B52C226B0C009BDEB0 /* PostgREST in Frameworks */ = {isa = PBXBuildFile; productRef = 24FCD4B42C226B0C009BDEB0 /* PostgREST */; };
		24FCD4B72C226B0C009BDEB0 /* Realtime in Frameworks */ = {isa = PBXBuildFile; productRef = 24FCD4B62C226B0C009BDEB0 /* Realtime */; };
		24FCD4B92C226B0C009BDEB0 /* Storage in Frameworks */ = {isa = PBXBuildFile; productRef = 24FCD4B82C226B0C009BDEB0 /* Storage */; };
		24FCD4BB2C226B0C009BDEB0 /* Supabase in Frameworks */ = {isa = PBXBuildFile; productRef = 24FCD4BA2C226B0C009BDEB0 /* Supabase */; };
		24FCD4C42C25F521009BDEB0 /* KeychainHelper.swift in Sources */ = {isa = PBXBuildFile; fileRef = 24FCD4C32C25F51B009BDEB0 /* KeychainHelper.swift */; };
		24FCD4CB2C266542009BDEB0 /* GoogleService-Info.plist in Resources */ = {isa = PBXBuildFile; fileRef = 24FCD4CA2C266542009BDEB0 /* GoogleService-Info.plist */; };
		24FCD4CC2C266542009BDEB0 /* GoogleService-Info.plist in Resources */ = {isa = PBXBuildFile; fileRef = 24FCD4CA2C266542009BDEB0 /* GoogleService-Info.plist */; };
		24FCD4CD2C266542009BDEB0 /* GoogleService-Info.plist in Resources */ = {isa = PBXBuildFile; fileRef = 24FCD4CA2C266542009BDEB0 /* GoogleService-Info.plist */; };
		24FCD4D02C2665AD009BDEB0 /* FirebaseAnalytics in Frameworks */ = {isa = PBXBuildFile; productRef = 24FCD4CF2C2665AD009BDEB0 /* FirebaseAnalytics */; };
		24FCD4D22C2665AD009BDEB0 /* FirebaseAnalyticsOnDeviceConversion in Frameworks */ = {isa = PBXBuildFile; productRef = 24FCD4D12C2665AD009BDEB0 /* FirebaseAnalyticsOnDeviceConversion */; };
		24FCD4D42C2665AD009BDEB0 /* FirebaseAnalyticsSwift in Frameworks */ = {isa = PBXBuildFile; productRef = 24FCD4D32C2665AD009BDEB0 /* FirebaseAnalyticsSwift */; };
		24FCD4D62C2665AD009BDEB0 /* FirebaseAnalyticsWithoutAdIdSupport in Frameworks */ = {isa = PBXBuildFile; productRef = 24FCD4D52C2665AD009BDEB0 /* FirebaseAnalyticsWithoutAdIdSupport */; };
		24FCD4D82C2665AD009BDEB0 /* FirebaseAppCheck in Frameworks */ = {isa = PBXBuildFile; productRef = 24FCD4D72C2665AD009BDEB0 /* FirebaseAppCheck */; };
		24FCD4DB2C2669C8009BDEB0 /* FirebaseAppDistribution-Beta in Frameworks */ = {isa = PBXBuildFile; productRef = 24FCD4DA2C2669C8009BDEB0 /* FirebaseAppDistribution-Beta */; };
		24FCD4DD2C2669C8009BDEB0 /* FirebaseAuth in Frameworks */ = {isa = PBXBuildFile; productRef = 24FCD4DC2C2669C8009BDEB0 /* FirebaseAuth */; };
		24FCD4DF2C2669C8009BDEB0 /* FirebaseAuthCombine-Community in Frameworks */ = {isa = PBXBuildFile; productRef = 24FCD4DE2C2669C8009BDEB0 /* FirebaseAuthCombine-Community */; };
		24FCD4E12C2669C8009BDEB0 /* FirebaseCrashlytics in Frameworks */ = {isa = PBXBuildFile; productRef = 24FCD4E02C2669C8009BDEB0 /* FirebaseCrashlytics */; };
		24FCD4E32C2669C8009BDEB0 /* FirebaseDatabase in Frameworks */ = {isa = PBXBuildFile; productRef = 24FCD4E22C2669C8009BDEB0 /* FirebaseDatabase */; };
		24FCD4E52C2669C8009BDEB0 /* FirebaseDatabaseSwift in Frameworks */ = {isa = PBXBuildFile; productRef = 24FCD4E42C2669C8009BDEB0 /* FirebaseDatabaseSwift */; };
		24FCD4E72C2669C8009BDEB0 /* FirebaseDynamicLinks in Frameworks */ = {isa = PBXBuildFile; productRef = 24FCD4E62C2669C8009BDEB0 /* FirebaseDynamicLinks */; };
		24FCD4E92C2669C8009BDEB0 /* FirebaseFirestore in Frameworks */ = {isa = PBXBuildFile; productRef = 24FCD4E82C2669C8009BDEB0 /* FirebaseFirestore */; };
		24FCD4EB2C2669C8009BDEB0 /* FirebaseFirestoreCombine-Community in Frameworks */ = {isa = PBXBuildFile; productRef = 24FCD4EA2C2669C8009BDEB0 /* FirebaseFirestoreCombine-Community */; };
		24FCD4ED2C2669C8009BDEB0 /* FirebaseFirestoreSwift in Frameworks */ = {isa = PBXBuildFile; productRef = 24FCD4EC2C2669C8009BDEB0 /* FirebaseFirestoreSwift */; };
		24FCD4EF2C2669C8009BDEB0 /* FirebaseFunctions in Frameworks */ = {isa = PBXBuildFile; productRef = 24FCD4EE2C2669C8009BDEB0 /* FirebaseFunctions */; };
		24FCD4F12C2669C8009BDEB0 /* FirebaseFunctionsCombine-Community in Frameworks */ = {isa = PBXBuildFile; productRef = 24FCD4F02C2669C8009BDEB0 /* FirebaseFunctionsCombine-Community */; };
		24FCD4F32C2669C8009BDEB0 /* FirebaseInAppMessaging-Beta in Frameworks */ = {isa = PBXBuildFile; productRef = 24FCD4F22C2669C8009BDEB0 /* FirebaseInAppMessaging-Beta */; };
		24FCD4F52C2669C8009BDEB0 /* FirebaseInAppMessagingSwift-Beta in Frameworks */ = {isa = PBXBuildFile; productRef = 24FCD4F42C2669C8009BDEB0 /* FirebaseInAppMessagingSwift-Beta */; };
		24FCD4F72C2669C8009BDEB0 /* FirebaseInstallations in Frameworks */ = {isa = PBXBuildFile; productRef = 24FCD4F62C2669C8009BDEB0 /* FirebaseInstallations */; };
		24FCD4F92C2669C8009BDEB0 /* FirebaseMessaging in Frameworks */ = {isa = PBXBuildFile; productRef = 24FCD4F82C2669C8009BDEB0 /* FirebaseMessaging */; };
		24FCD4FB2C2669C8009BDEB0 /* FirebaseMLModelDownloader in Frameworks */ = {isa = PBXBuildFile; productRef = 24FCD4FA2C2669C8009BDEB0 /* FirebaseMLModelDownloader */; };
		24FCD4FD2C2669C9009BDEB0 /* FirebasePerformance in Frameworks */ = {isa = PBXBuildFile; productRef = 24FCD4FC2C2669C9009BDEB0 /* FirebasePerformance */; };
		24FCD4FF2C2669C9009BDEB0 /* FirebaseRemoteConfig in Frameworks */ = {isa = PBXBuildFile; productRef = 24FCD4FE2C2669C9009BDEB0 /* FirebaseRemoteConfig */; };
		24FCD5012C2669C9009BDEB0 /* FirebaseRemoteConfigSwift in Frameworks */ = {isa = PBXBuildFile; productRef = 24FCD5002C2669C9009BDEB0 /* FirebaseRemoteConfigSwift */; };
		24FCD5032C2669C9009BDEB0 /* FirebaseStorage in Frameworks */ = {isa = PBXBuildFile; productRef = 24FCD5022C2669C9009BDEB0 /* FirebaseStorage */; };
		24FCD5052C2669C9009BDEB0 /* FirebaseStorageCombine-Community in Frameworks */ = {isa = PBXBuildFile; productRef = 24FCD5042C2669C9009BDEB0 /* FirebaseStorageCombine-Community */; };
		24FCD5072C2669C9009BDEB0 /* FirebaseVertexAI-Preview in Frameworks */ = {isa = PBXBuildFile; productRef = 24FCD5062C2669C9009BDEB0 /* FirebaseVertexAI-Preview */; };
		24FCD50B2C268CBD009BDEB0 /* SignInWithApple.swift in Sources */ = {isa = PBXBuildFile; fileRef = 24FCD50A2C268CB2009BDEB0 /* SignInWithApple.swift */; };
		24FCD50F2C268D67009BDEB0 /* SignInView.swift in Sources */ = {isa = PBXBuildFile; fileRef = 24FCD50E2C268D64009BDEB0 /* SignInView.swift */; };
		24FCD5112C274082009BDEB0 /* CameraView.swift in Sources */ = {isa = PBXBuildFile; fileRef = 24FCD5102C274076009BDEB0 /* CameraView.swift */; };
		24FCD5132C27556A009BDEB0 /* ImagePickerView.swift in Sources */ = {isa = PBXBuildFile; fileRef = 24FCD5122C275565009BDEB0 /* ImagePickerView.swift */; };
/* End PBXBuildFile section */

/* Begin PBXContainerItemProxy section */
		24BE70A22C1FC2320095912C /* PBXContainerItemProxy */ = {
			isa = PBXContainerItemProxy;
			containerPortal = 24BE70892C1FC2300095912C /* Project object */;
			proxyType = 1;
			remoteGlobalIDString = 24BE70902C1FC2300095912C;
			remoteInfo = Align;
		};
		24BE70AC2C1FC2320095912C /* PBXContainerItemProxy */ = {
			isa = PBXContainerItemProxy;
			containerPortal = 24BE70892C1FC2300095912C /* Project object */;
			proxyType = 1;
			remoteGlobalIDString = 24BE70902C1FC2300095912C;
			remoteInfo = Align;
		};
/* End PBXContainerItemProxy section */

/* Begin PBXFileReference section */
		24918A472C27B179000EE644 /* CameraView2Controller.swift */ = {isa = PBXFileReference; lastKnownFileType = sourcecode.swift; path = CameraView2Controller.swift; sourceTree = "<group>"; };
		24BE70912C1FC2300095912C /* Align.app */ = {isa = PBXFileReference; explicitFileType = wrapper.application; includeInIndex = 0; path = Align.app; sourceTree = BUILT_PRODUCTS_DIR; };
		24BE70942C1FC2300095912C /* AlignApp.swift */ = {isa = PBXFileReference; lastKnownFileType = sourcecode.swift; path = AlignApp.swift; sourceTree = "<group>"; };
		24BE70962C1FC2300095912C /* ContentView.swift */ = {isa = PBXFileReference; lastKnownFileType = sourcecode.swift; path = ContentView.swift; sourceTree = "<group>"; };
		24BE70982C1FC2320095912C /* Assets.xcassets */ = {isa = PBXFileReference; lastKnownFileType = folder.assetcatalog; path = Assets.xcassets; sourceTree = "<group>"; };
		24BE709B2C1FC2320095912C /* Preview Assets.xcassets */ = {isa = PBXFileReference; lastKnownFileType = folder.assetcatalog; path = "Preview Assets.xcassets"; sourceTree = "<group>"; };
		24BE70A12C1FC2320095912C /* AlignTests.xctest */ = {isa = PBXFileReference; explicitFileType = wrapper.cfbundle; includeInIndex = 0; path = AlignTests.xctest; sourceTree = BUILT_PRODUCTS_DIR; };
		24BE70AB2C1FC2320095912C /* AlignUITests.xctest */ = {isa = PBXFileReference; explicitFileType = wrapper.cfbundle; includeInIndex = 0; path = AlignUITests.xctest; sourceTree = BUILT_PRODUCTS_DIR; };
		24FCD4AE2C213C33009BDEB0 /* ViewController.swift */ = {isa = PBXFileReference; lastKnownFileType = sourcecode.swift; path = ViewController.swift; sourceTree = "<group>"; };
		24FCD4BC2C229E0C009BDEB0 /* Align.entitlements */ = {isa = PBXFileReference; lastKnownFileType = text.plist.entitlements; path = Align.entitlements; sourceTree = "<group>"; };
		24FCD4C32C25F51B009BDEB0 /* KeychainHelper.swift */ = {isa = PBXFileReference; lastKnownFileType = sourcecode.swift; path = KeychainHelper.swift; sourceTree = "<group>"; };
		24FCD4CA2C266542009BDEB0 /* GoogleService-Info.plist */ = {isa = PBXFileReference; lastKnownFileType = text.plist.xml; path = "GoogleService-Info.plist"; sourceTree = "<group>"; };
		24FCD50A2C268CB2009BDEB0 /* SignInWithApple.swift */ = {isa = PBXFileReference; lastKnownFileType = sourcecode.swift; path = SignInWithApple.swift; sourceTree = "<group>"; };
		24FCD50E2C268D64009BDEB0 /* SignInView.swift */ = {isa = PBXFileReference; lastKnownFileType = sourcecode.swift; path = SignInView.swift; sourceTree = "<group>"; };
		24FCD5102C274076009BDEB0 /* CameraView.swift */ = {isa = PBXFileReference; lastKnownFileType = sourcecode.swift; path = CameraView.swift; sourceTree = "<group>"; };
		24FCD5122C275565009BDEB0 /* ImagePickerView.swift */ = {isa = PBXFileReference; lastKnownFileType = sourcecode.swift; path = ImagePickerView.swift; sourceTree = "<group>"; };
/* End PBXFileReference section */

/* Begin PBXFrameworksBuildPhase section */
		24BE708E2C1FC2300095912C /* Frameworks */ = {
			isa = PBXFrameworksBuildPhase;
			buildActionMask = 2147483647;
			files = (
				24FCD4F92C2669C8009BDEB0 /* FirebaseMessaging in Frameworks */,
				24FCD4D42C2665AD009BDEB0 /* FirebaseAnalyticsSwift in Frameworks */,
				24FCD4D62C2665AD009BDEB0 /* FirebaseAnalyticsWithoutAdIdSupport in Frameworks */,
				24FCD4D02C2665AD009BDEB0 /* FirebaseAnalytics in Frameworks */,
				24FCD4FD2C2669C9009BDEB0 /* FirebasePerformance in Frameworks */,
				24FCD5032C2669C9009BDEB0 /* FirebaseStorage in Frameworks */,
				24FCD5072C2669C9009BDEB0 /* FirebaseVertexAI-Preview in Frameworks */,
				24FCD4B52C226B0C009BDEB0 /* PostgREST in Frameworks */,
				24FCD4E92C2669C8009BDEB0 /* FirebaseFirestore in Frameworks */,
				24FCD4B32C226B0C009BDEB0 /* Functions in Frameworks */,
				24FCD5012C2669C9009BDEB0 /* FirebaseRemoteConfigSwift in Frameworks */,
				24FCD4F12C2669C8009BDEB0 /* FirebaseFunctionsCombine-Community in Frameworks */,
				24FCD4FF2C2669C9009BDEB0 /* FirebaseRemoteConfig in Frameworks */,
				24FCD4E72C2669C8009BDEB0 /* FirebaseDynamicLinks in Frameworks */,
				24FCD4DF2C2669C8009BDEB0 /* FirebaseAuthCombine-Community in Frameworks */,
				24FCD4E32C2669C8009BDEB0 /* FirebaseDatabase in Frameworks */,
				24FCD4EF2C2669C8009BDEB0 /* FirebaseFunctions in Frameworks */,
				24FCD4F32C2669C8009BDEB0 /* FirebaseInAppMessaging-Beta in Frameworks */,
				24FCD4BB2C226B0C009BDEB0 /* Supabase in Frameworks */,
				24FCD4B12C226B0C009BDEB0 /* Auth in Frameworks */,
				24FCD4B92C226B0C009BDEB0 /* Storage in Frameworks */,
				24FCD4F72C2669C8009BDEB0 /* FirebaseInstallations in Frameworks */,
				24FCD4B72C226B0C009BDEB0 /* Realtime in Frameworks */,
				24FCD5052C2669C9009BDEB0 /* FirebaseStorageCombine-Community in Frameworks */,
				24FCD4EB2C2669C8009BDEB0 /* FirebaseFirestoreCombine-Community in Frameworks */,
				24FCD4F52C2669C8009BDEB0 /* FirebaseInAppMessagingSwift-Beta in Frameworks */,
				24FCD4D22C2665AD009BDEB0 /* FirebaseAnalyticsOnDeviceConversion in Frameworks */,
				24FCD4DD2C2669C8009BDEB0 /* FirebaseAuth in Frameworks */,
				24FCD4E12C2669C8009BDEB0 /* FirebaseCrashlytics in Frameworks */,
				24FCD4ED2C2669C8009BDEB0 /* FirebaseFirestoreSwift in Frameworks */,
				24FCD4E52C2669C8009BDEB0 /* FirebaseDatabaseSwift in Frameworks */,
				24FCD4D82C2665AD009BDEB0 /* FirebaseAppCheck in Frameworks */,
				24FCD4DB2C2669C8009BDEB0 /* FirebaseAppDistribution-Beta in Frameworks */,
				24FCD4FB2C2669C8009BDEB0 /* FirebaseMLModelDownloader in Frameworks */,
			);
			runOnlyForDeploymentPostprocessing = 0;
		};
		24BE709E2C1FC2320095912C /* Frameworks */ = {
			isa = PBXFrameworksBuildPhase;
			buildActionMask = 2147483647;
			files = (
			);
			runOnlyForDeploymentPostprocessing = 0;
		};
		24BE70A82C1FC2320095912C /* Frameworks */ = {
			isa = PBXFrameworksBuildPhase;
			buildActionMask = 2147483647;
			files = (
			);
			runOnlyForDeploymentPostprocessing = 0;
		};
/* End PBXFrameworksBuildPhase section */

/* Begin PBXGroup section */
		24BE70882C1FC2300095912C = {
			isa = PBXGroup;
			children = (
				24BE70932C1FC2300095912C /* Align */,
				24BE70922C1FC2300095912C /* Products */,
				24FCD4D92C2669C8009BDEB0 /* Frameworks */,
			);
			sourceTree = "<group>";
		};
		24BE70922C1FC2300095912C /* Products */ = {
			isa = PBXGroup;
			children = (
				24BE70912C1FC2300095912C /* Align.app */,
				24BE70A12C1FC2320095912C /* AlignTests.xctest */,
				24BE70AB2C1FC2320095912C /* AlignUITests.xctest */,
			);
			name = Products;
			sourceTree = "<group>";
		};
		24BE70932C1FC2300095912C /* Align */ = {
			isa = PBXGroup;
			children = (
				24918A472C27B179000EE644 /* CameraView2Controller.swift */,
				24FCD4CA2C266542009BDEB0 /* GoogleService-Info.plist */,
				24FCD4BC2C229E0C009BDEB0 /* Align.entitlements */,
				24FCD50A2C268CB2009BDEB0 /* SignInWithApple.swift */,
				24FCD50E2C268D64009BDEB0 /* SignInView.swift */,
				24BE70942C1FC2300095912C /* AlignApp.swift */,
				24FCD4C32C25F51B009BDEB0 /* KeychainHelper.swift */,
				24FCD4AE2C213C33009BDEB0 /* ViewController.swift */,
				24BE70962C1FC2300095912C /* ContentView.swift */,
				24FCD5102C274076009BDEB0 /* CameraView.swift */,
				24FCD5122C275565009BDEB0 /* ImagePickerView.swift */,
				24BE70982C1FC2320095912C /* Assets.xcassets */,
				24BE709A2C1FC2320095912C /* Preview Content */,
			);
			path = Align;
			sourceTree = "<group>";
		};
		24BE709A2C1FC2320095912C /* Preview Content */ = {
			isa = PBXGroup;
			children = (
				24BE709B2C1FC2320095912C /* Preview Assets.xcassets */,
			);
			path = "Preview Content";
			sourceTree = "<group>";
		};
		24FCD4D92C2669C8009BDEB0 /* Frameworks */ = {
			isa = PBXGroup;
			children = (
			);
			name = Frameworks;
			sourceTree = "<group>";
		};
/* End PBXGroup section */

/* Begin PBXNativeTarget section */
		24BE70902C1FC2300095912C /* Align */ = {
			isa = PBXNativeTarget;
			buildConfigurationList = 24BE70B52C1FC2330095912C /* Build configuration list for PBXNativeTarget "Align" */;
			buildPhases = (
				24BE708D2C1FC2300095912C /* Sources */,
				24BE708E2C1FC2300095912C /* Frameworks */,
				24BE708F2C1FC2300095912C /* Resources */,
			);
			buildRules = (
			);
			dependencies = (
			);
			name = Align;
			packageProductDependencies = (
				24FCD4B02C226B0C009BDEB0 /* Auth */,
				24FCD4B22C226B0C009BDEB0 /* Functions */,
				24FCD4B42C226B0C009BDEB0 /* PostgREST */,
				24FCD4B62C226B0C009BDEB0 /* Realtime */,
				24FCD4B82C226B0C009BDEB0 /* Storage */,
				24FCD4BA2C226B0C009BDEB0 /* Supabase */,
				24FCD4CF2C2665AD009BDEB0 /* FirebaseAnalytics */,
				24FCD4D12C2665AD009BDEB0 /* FirebaseAnalyticsOnDeviceConversion */,
				24FCD4D32C2665AD009BDEB0 /* FirebaseAnalyticsSwift */,
				24FCD4D52C2665AD009BDEB0 /* FirebaseAnalyticsWithoutAdIdSupport */,
				24FCD4D72C2665AD009BDEB0 /* FirebaseAppCheck */,
				24FCD4DA2C2669C8009BDEB0 /* FirebaseAppDistribution-Beta */,
				24FCD4DC2C2669C8009BDEB0 /* FirebaseAuth */,
				24FCD4DE2C2669C8009BDEB0 /* FirebaseAuthCombine-Community */,
				24FCD4E02C2669C8009BDEB0 /* FirebaseCrashlytics */,
				24FCD4E22C2669C8009BDEB0 /* FirebaseDatabase */,
				24FCD4E42C2669C8009BDEB0 /* FirebaseDatabaseSwift */,
				24FCD4E62C2669C8009BDEB0 /* FirebaseDynamicLinks */,
				24FCD4E82C2669C8009BDEB0 /* FirebaseFirestore */,
				24FCD4EA2C2669C8009BDEB0 /* FirebaseFirestoreCombine-Community */,
				24FCD4EC2C2669C8009BDEB0 /* FirebaseFirestoreSwift */,
				24FCD4EE2C2669C8009BDEB0 /* FirebaseFunctions */,
				24FCD4F02C2669C8009BDEB0 /* FirebaseFunctionsCombine-Community */,
				24FCD4F22C2669C8009BDEB0 /* FirebaseInAppMessaging-Beta */,
				24FCD4F42C2669C8009BDEB0 /* FirebaseInAppMessagingSwift-Beta */,
				24FCD4F62C2669C8009BDEB0 /* FirebaseInstallations */,
				24FCD4F82C2669C8009BDEB0 /* FirebaseMessaging */,
				24FCD4FA2C2669C8009BDEB0 /* FirebaseMLModelDownloader */,
				24FCD4FC2C2669C9009BDEB0 /* FirebasePerformance */,
				24FCD4FE2C2669C9009BDEB0 /* FirebaseRemoteConfig */,
				24FCD5002C2669C9009BDEB0 /* FirebaseRemoteConfigSwift */,
				24FCD5022C2669C9009BDEB0 /* FirebaseStorage */,
				24FCD5042C2669C9009BDEB0 /* FirebaseStorageCombine-Community */,
				24FCD5062C2669C9009BDEB0 /* FirebaseVertexAI-Preview */,
			);
			productName = Align;
			productReference = 24BE70912C1FC2300095912C /* Align.app */;
			productType = "com.apple.product-type.application";
		};
		24BE70A02C1FC2320095912C /* AlignTests */ = {
			isa = PBXNativeTarget;
			buildConfigurationList = 24BE70B82C1FC2330095912C /* Build configuration list for PBXNativeTarget "AlignTests" */;
			buildPhases = (
				24BE709D2C1FC2320095912C /* Sources */,
				24BE709E2C1FC2320095912C /* Frameworks */,
				24BE709F2C1FC2320095912C /* Resources */,
			);
			buildRules = (
			);
			dependencies = (
				24BE70A32C1FC2320095912C /* PBXTargetDependency */,
			);
			name = AlignTests;
			productName = AlignTests;
			productReference = 24BE70A12C1FC2320095912C /* AlignTests.xctest */;
			productType = "com.apple.product-type.bundle.unit-test";
		};
		24BE70AA2C1FC2320095912C /* AlignUITests */ = {
			isa = PBXNativeTarget;
			buildConfigurationList = 24BE70BB2C1FC2330095912C /* Build configuration list for PBXNativeTarget "AlignUITests" */;
			buildPhases = (
				24BE70A72C1FC2320095912C /* Sources */,
				24BE70A82C1FC2320095912C /* Frameworks */,
				24BE70A92C1FC2320095912C /* Resources */,
			);
			buildRules = (
			);
			dependencies = (
				24BE70AD2C1FC2320095912C /* PBXTargetDependency */,
			);
			name = AlignUITests;
			productName = AlignUITests;
			productReference = 24BE70AB2C1FC2320095912C /* AlignUITests.xctest */;
			productType = "com.apple.product-type.bundle.ui-testing";
		};
/* End PBXNativeTarget section */

/* Begin PBXProject section */
		24BE70892C1FC2300095912C /* Project object */ = {
			isa = PBXProject;
			attributes = {
				BuildIndependentTargetsInParallel = 1;
				LastSwiftUpdateCheck = 1600;
				LastUpgradeCheck = 1600;
				TargetAttributes = {
					24BE70902C1FC2300095912C = {
						CreatedOnToolsVersion = 16.0;
					};
					24BE70A02C1FC2320095912C = {
						CreatedOnToolsVersion = 16.0;
						TestTargetID = 24BE70902C1FC2300095912C;
					};
					24BE70AA2C1FC2320095912C = {
						CreatedOnToolsVersion = 16.0;
						TestTargetID = 24BE70902C1FC2300095912C;
					};
				};
			};
			buildConfigurationList = 24BE708C2C1FC2300095912C /* Build configuration list for PBXProject "Align" */;
			compatibilityVersion = "Xcode 14.0";
			developmentRegion = en;
			hasScannedForEncodings = 0;
			knownRegions = (
				en,
				Base,
			);
			mainGroup = 24BE70882C1FC2300095912C;
			packageReferences = (
				24FCD4AB2C213B76009BDEB0 /* XCRemoteSwiftPackageReference "supabase-swift" */,
				24FCD4CE2C2665AD009BDEB0 /* XCRemoteSwiftPackageReference "firebase-ios-sdk" */,
			);
			productRefGroup = 24BE70922C1FC2300095912C /* Products */;
			projectDirPath = "";
			projectRoot = "";
			targets = (
				24BE70902C1FC2300095912C /* Align */,
				24BE70A02C1FC2320095912C /* AlignTests */,
				24BE70AA2C1FC2320095912C /* AlignUITests */,
			);
		};
/* End PBXProject section */

/* Begin PBXResourcesBuildPhase section */
		24BE708F2C1FC2300095912C /* Resources */ = {
			isa = PBXResourcesBuildPhase;
			buildActionMask = 2147483647;
			files = (
				24BE709C2C1FC2320095912C /* Preview Assets.xcassets in Resources */,
				24BE70992C1FC2320095912C /* Assets.xcassets in Resources */,
				24FCD4CD2C266542009BDEB0 /* GoogleService-Info.plist in Resources */,
			);
			runOnlyForDeploymentPostprocessing = 0;
		};
		24BE709F2C1FC2320095912C /* Resources */ = {
			isa = PBXResourcesBuildPhase;
			buildActionMask = 2147483647;
			files = (
				24FCD4CB2C266542009BDEB0 /* GoogleService-Info.plist in Resources */,
			);
			runOnlyForDeploymentPostprocessing = 0;
		};
		24BE70A92C1FC2320095912C /* Resources */ = {
			isa = PBXResourcesBuildPhase;
			buildActionMask = 2147483647;
			files = (
				24FCD4CC2C266542009BDEB0 /* GoogleService-Info.plist in Resources */,
			);
			runOnlyForDeploymentPostprocessing = 0;
		};
/* End PBXResourcesBuildPhase section */

/* Begin PBXSourcesBuildPhase section */
		24BE708D2C1FC2300095912C /* Sources */ = {
			isa = PBXSourcesBuildPhase;
			buildActionMask = 2147483647;
			files = (
				24FCD4AF2C213C33009BDEB0 /* ViewController.swift in Sources */,
				24FCD5112C274082009BDEB0 /* CameraView.swift in Sources */,
				24FCD4C42C25F521009BDEB0 /* KeychainHelper.swift in Sources */,
				24BE70972C1FC2300095912C /* ContentView.swift in Sources */,
				24FCD5132C27556A009BDEB0 /* ImagePickerView.swift in Sources */,
				24BE70952C1FC2300095912C /* AlignApp.swift in Sources */,
				24FCD50F2C268D67009BDEB0 /* SignInView.swift in Sources */,
				24918A482C27B1B5000EE644 /* CameraView2Controller.swift in Sources */,
				24FCD50B2C268CBD009BDEB0 /* SignInWithApple.swift in Sources */,
			);
			runOnlyForDeploymentPostprocessing = 0;
		};
		24BE709D2C1FC2320095912C /* Sources */ = {
			isa = PBXSourcesBuildPhase;
			buildActionMask = 2147483647;
			files = (
			);
			runOnlyForDeploymentPostprocessing = 0;
		};
		24BE70A72C1FC2320095912C /* Sources */ = {
			isa = PBXSourcesBuildPhase;
			buildActionMask = 2147483647;
			files = (
			);
			runOnlyForDeploymentPostprocessing = 0;
		};
/* End PBXSourcesBuildPhase section */

/* Begin PBXTargetDependency section */
		24BE70A32C1FC2320095912C /* PBXTargetDependency */ = {
			isa = PBXTargetDependency;
			target = 24BE70902C1FC2300095912C /* Align */;
			targetProxy = 24BE70A22C1FC2320095912C /* PBXContainerItemProxy */;
		};
		24BE70AD2C1FC2320095912C /* PBXTargetDependency */ = {
			isa = PBXTargetDependency;
			target = 24BE70902C1FC2300095912C /* Align */;
			targetProxy = 24BE70AC2C1FC2320095912C /* PBXContainerItemProxy */;
		};
/* End PBXTargetDependency section */

/* Begin XCBuildConfiguration section */
		24BE70B32C1FC2330095912C /* Debug */ = {
			isa = XCBuildConfiguration;
			buildSettings = {
				ALWAYS_SEARCH_USER_PATHS = NO;
				ASSETCATALOG_COMPILER_GENERATE_SWIFT_ASSET_SYMBOL_EXTENSIONS = YES;
				CLANG_ANALYZER_NONNULL = YES;
				CLANG_ANALYZER_NUMBER_OBJECT_CONVERSION = YES_AGGRESSIVE;
				CLANG_CXX_LANGUAGE_STANDARD = "gnu++20";
				CLANG_ENABLE_MODULES = YES;
				CLANG_ENABLE_OBJC_ARC = YES;
				CLANG_ENABLE_OBJC_WEAK = YES;
				CLANG_WARN_BLOCK_CAPTURE_AUTORELEASING = YES;
				CLANG_WARN_BOOL_CONVERSION = YES;
				CLANG_WARN_COMMA = YES;
				CLANG_WARN_CONSTANT_CONVERSION = YES;
				CLANG_WARN_DEPRECATED_OBJC_IMPLEMENTATIONS = YES;
				CLANG_WARN_DIRECT_OBJC_ISA_USAGE = YES_ERROR;
				CLANG_WARN_DOCUMENTATION_COMMENTS = YES;
				CLANG_WARN_EMPTY_BODY = YES;
				CLANG_WARN_ENUM_CONVERSION = YES;
				CLANG_WARN_INFINITE_RECURSION = YES;
				CLANG_WARN_INT_CONVERSION = YES;
				CLANG_WARN_NON_LITERAL_NULL_CONVERSION = YES;
				CLANG_WARN_OBJC_IMPLICIT_RETAIN_SELF = YES;
				CLANG_WARN_OBJC_LITERAL_CONVERSION = YES;
				CLANG_WARN_OBJC_ROOT_CLASS = YES_ERROR;
				CLANG_WARN_QUOTED_INCLUDE_IN_FRAMEWORK_HEADER = YES;
				CLANG_WARN_RANGE_LOOP_ANALYSIS = YES;
				CLANG_WARN_STRICT_PROTOTYPES = YES;
				CLANG_WARN_SUSPICIOUS_MOVE = YES;
				CLANG_WARN_UNGUARDED_AVAILABILITY = YES_AGGRESSIVE;
				CLANG_WARN_UNREACHABLE_CODE = YES;
				CLANG_WARN__DUPLICATE_METHOD_MATCH = YES;
				COPY_PHASE_STRIP = NO;
				DEBUG_INFORMATION_FORMAT = dwarf;
				ENABLE_STRICT_OBJC_MSGSEND = YES;
				ENABLE_TESTABILITY = YES;
				ENABLE_USER_SCRIPT_SANDBOXING = YES;
				GCC_C_LANGUAGE_STANDARD = gnu17;
				GCC_DYNAMIC_NO_PIC = NO;
				GCC_NO_COMMON_BLOCKS = YES;
				GCC_OPTIMIZATION_LEVEL = 0;
				GCC_PREPROCESSOR_DEFINITIONS = (
					"DEBUG=1",
					"$(inherited)",
				);
				GCC_WARN_64_TO_32_BIT_CONVERSION = YES;
				GCC_WARN_ABOUT_RETURN_TYPE = YES_ERROR;
				GCC_WARN_UNDECLARED_SELECTOR = YES;
				GCC_WARN_UNINITIALIZED_AUTOS = YES_AGGRESSIVE;
				GCC_WARN_UNUSED_FUNCTION = YES;
				GCC_WARN_UNUSED_VARIABLE = YES;
				INFOPLIST_KEY_NSCameraUsageDescription = "Align uses the camera for its primary function (replace with more descriptive thingy)";
				IPHONEOS_DEPLOYMENT_TARGET = 18.0;
				LOCALIZATION_PREFERS_STRING_CATALOGS = YES;
				MTL_ENABLE_DEBUG_INFO = INCLUDE_SOURCE;
				MTL_FAST_MATH = YES;
				ONLY_ACTIVE_ARCH = YES;
				SDKROOT = iphoneos;
				SWIFT_ACTIVE_COMPILATION_CONDITIONS = "DEBUG $(inherited)";
				SWIFT_OPTIMIZATION_LEVEL = "-Onone";
			};
			name = Debug;
		};
		24BE70B42C1FC2330095912C /* Release */ = {
			isa = XCBuildConfiguration;
			buildSettings = {
				ALWAYS_SEARCH_USER_PATHS = NO;
				ASSETCATALOG_COMPILER_GENERATE_SWIFT_ASSET_SYMBOL_EXTENSIONS = YES;
				CLANG_ANALYZER_NONNULL = YES;
				CLANG_ANALYZER_NUMBER_OBJECT_CONVERSION = YES_AGGRESSIVE;
				CLANG_CXX_LANGUAGE_STANDARD = "gnu++20";
				CLANG_ENABLE_MODULES = YES;
				CLANG_ENABLE_OBJC_ARC = YES;
				CLANG_ENABLE_OBJC_WEAK = YES;
				CLANG_WARN_BLOCK_CAPTURE_AUTORELEASING = YES;
				CLANG_WARN_BOOL_CONVERSION = YES;
				CLANG_WARN_COMMA = YES;
				CLANG_WARN_CONSTANT_CONVERSION = YES;
				CLANG_WARN_DEPRECATED_OBJC_IMPLEMENTATIONS = YES;
				CLANG_WARN_DIRECT_OBJC_ISA_USAGE = YES_ERROR;
				CLANG_WARN_DOCUMENTATION_COMMENTS = YES;
				CLANG_WARN_EMPTY_BODY = YES;
				CLANG_WARN_ENUM_CONVERSION = YES;
				CLANG_WARN_INFINITE_RECURSION = YES;
				CLANG_WARN_INT_CONVERSION = YES;
				CLANG_WARN_NON_LITERAL_NULL_CONVERSION = YES;
				CLANG_WARN_OBJC_IMPLICIT_RETAIN_SELF = YES;
				CLANG_WARN_OBJC_LITERAL_CONVERSION = YES;
				CLANG_WARN_OBJC_ROOT_CLASS = YES_ERROR;
				CLANG_WARN_QUOTED_INCLUDE_IN_FRAMEWORK_HEADER = YES;
				CLANG_WARN_RANGE_LOOP_ANALYSIS = YES;
				CLANG_WARN_STRICT_PROTOTYPES = YES;
				CLANG_WARN_SUSPICIOUS_MOVE = YES;
				CLANG_WARN_UNGUARDED_AVAILABILITY = YES_AGGRESSIVE;
				CLANG_WARN_UNREACHABLE_CODE = YES;
				CLANG_WARN__DUPLICATE_METHOD_MATCH = YES;
				COPY_PHASE_STRIP = NO;
				DEBUG_INFORMATION_FORMAT = "dwarf-with-dsym";
				ENABLE_NS_ASSERTIONS = NO;
				ENABLE_STRICT_OBJC_MSGSEND = YES;
				ENABLE_USER_SCRIPT_SANDBOXING = YES;
				GCC_C_LANGUAGE_STANDARD = gnu17;
				GCC_NO_COMMON_BLOCKS = YES;
				GCC_WARN_64_TO_32_BIT_CONVERSION = YES;
				GCC_WARN_ABOUT_RETURN_TYPE = YES_ERROR;
				GCC_WARN_UNDECLARED_SELECTOR = YES;
				GCC_WARN_UNINITIALIZED_AUTOS = YES_AGGRESSIVE;
				GCC_WARN_UNUSED_FUNCTION = YES;
				GCC_WARN_UNUSED_VARIABLE = YES;
				INFOPLIST_KEY_NSCameraUsageDescription = "Align uses the camera for its primary function (replace with more descriptive thingy)";
				IPHONEOS_DEPLOYMENT_TARGET = 18.0;
				LOCALIZATION_PREFERS_STRING_CATALOGS = YES;
				MTL_ENABLE_DEBUG_INFO = NO;
				MTL_FAST_MATH = YES;
				SDKROOT = iphoneos;
				SWIFT_COMPILATION_MODE = wholemodule;
				VALIDATE_PRODUCT = YES;
			};
			name = Release;
		};
		24BE70B62C1FC2330095912C /* Debug */ = {
			isa = XCBuildConfiguration;
			buildSettings = {
				ASSETCATALOG_COMPILER_APPICON_NAME = AppIcon;
				ASSETCATALOG_COMPILER_GLOBAL_ACCENT_COLOR_NAME = AccentColor;
				CODE_SIGN_ENTITLEMENTS = Align/Align.entitlements;
				CODE_SIGN_STYLE = Automatic;
				CURRENT_PROJECT_VERSION = 1;
				DEVELOPMENT_ASSET_PATHS = "\"Align/Preview Content\"";
				DEVELOPMENT_TEAM = 57F7AC83MF;
				ENABLE_PREVIEWS = YES;
				GENERATE_INFOPLIST_FILE = YES;
				INFOPLIST_KEY_UIApplicationSceneManifest_Generation = YES;
				INFOPLIST_KEY_UIApplicationSupportsIndirectInputEvents = YES;
				INFOPLIST_KEY_UILaunchScreen_Generation = YES;
				INFOPLIST_KEY_UISupportedInterfaceOrientations = UIInterfaceOrientationPortrait;
				INFOPLIST_KEY_UISupportedInterfaceOrientations_iPad = "UIInterfaceOrientationLandscapeLeft UIInterfaceOrientationLandscapeRight UIInterfaceOrientationPortrait UIInterfaceOrientationPortraitUpsideDown";
				IPHONEOS_DEPLOYMENT_TARGET = 17.0;
				LD_RUNPATH_SEARCH_PATHS = (
					"$(inherited)",
					"@executable_path/Frameworks",
				);
				MARKETING_VERSION = 1.0;
				PRODUCT_BUNDLE_IDENTIFIER = com.Align.Duo.Align;
				PRODUCT_NAME = "$(TARGET_NAME)";
				SUPPORTED_PLATFORMS = "iphoneos iphonesimulator";
				SUPPORTS_MACCATALYST = NO;
				SUPPORTS_MAC_DESIGNED_FOR_IPHONE_IPAD = NO;
				SUPPORTS_XR_DESIGNED_FOR_IPHONE_IPAD = NO;
				SWIFT_EMIT_LOC_STRINGS = YES;
				SWIFT_VERSION = 5.0;
				TARGETED_DEVICE_FAMILY = 1;
			};
			name = Debug;
		};
		24BE70B72C1FC2330095912C /* Release */ = {
			isa = XCBuildConfiguration;
			buildSettings = {
				ASSETCATALOG_COMPILER_APPICON_NAME = AppIcon;
				ASSETCATALOG_COMPILER_GLOBAL_ACCENT_COLOR_NAME = AccentColor;
				CODE_SIGN_ENTITLEMENTS = Align/Align.entitlements;
				CODE_SIGN_STYLE = Automatic;
				CURRENT_PROJECT_VERSION = 1;
				DEVELOPMENT_ASSET_PATHS = "\"Align/Preview Content\"";
				DEVELOPMENT_TEAM = 57F7AC83MF;
				ENABLE_PREVIEWS = YES;
				GENERATE_INFOPLIST_FILE = YES;
				INFOPLIST_KEY_NSCameraUsageDescription = "Hey Man!  Can I please use the camera, itd help me out a lot.  Thanks!!!";
				INFOPLIST_KEY_UIApplicationSceneManifest_Generation = YES;
				INFOPLIST_KEY_UIApplicationSupportsIndirectInputEvents = YES;
				INFOPLIST_KEY_UILaunchScreen_Generation = YES;
				INFOPLIST_KEY_UISupportedInterfaceOrientations = UIInterfaceOrientationPortrait;
				INFOPLIST_KEY_UISupportedInterfaceOrientations_iPad = "UIInterfaceOrientationLandscapeLeft UIInterfaceOrientationLandscapeRight UIInterfaceOrientationPortrait UIInterfaceOrientationPortraitUpsideDown";
				IPHONEOS_DEPLOYMENT_TARGET = 17.0;
				LD_RUNPATH_SEARCH_PATHS = (
					"$(inherited)",
					"@executable_path/Frameworks",
				);
				MARKETING_VERSION = 1.0;
				PRODUCT_BUNDLE_IDENTIFIER = com.Align.Duo.Align;
				PRODUCT_NAME = "$(TARGET_NAME)";
				SUPPORTED_PLATFORMS = "iphoneos iphonesimulator";
				SUPPORTS_MACCATALYST = NO;
				SUPPORTS_MAC_DESIGNED_FOR_IPHONE_IPAD = NO;
				SUPPORTS_XR_DESIGNED_FOR_IPHONE_IPAD = NO;
				SWIFT_EMIT_LOC_STRINGS = YES;
				SWIFT_VERSION = 5.0;
				TARGETED_DEVICE_FAMILY = 1;
			};
			name = Release;
		};
		24BE70B92C1FC2330095912C /* Debug */ = {
			isa = XCBuildConfiguration;
			buildSettings = {
				BUNDLE_LOADER = "$(TEST_HOST)";
				CODE_SIGN_STYLE = Automatic;
				CURRENT_PROJECT_VERSION = 1;
				DEVELOPMENT_TEAM = 57F7AC83MF;
				GENERATE_INFOPLIST_FILE = YES;
				IPHONEOS_DEPLOYMENT_TARGET = 17.0;
				MARKETING_VERSION = 1.0;
				PRODUCT_BUNDLE_IDENTIFIER = com.Align.Duo.AlignTests;
				PRODUCT_NAME = "$(TARGET_NAME)";
				SUPPORTED_PLATFORMS = "iphoneos iphonesimulator";
				SUPPORTS_MACCATALYST = NO;
				SUPPORTS_MAC_DESIGNED_FOR_IPHONE_IPAD = NO;
				SUPPORTS_XR_DESIGNED_FOR_IPHONE_IPAD = NO;
				SWIFT_EMIT_LOC_STRINGS = NO;
				SWIFT_VERSION = 5.0;
				TARGETED_DEVICE_FAMILY = 1;
				TEST_HOST = "$(BUILT_PRODUCTS_DIR)/Align.app/$(BUNDLE_EXECUTABLE_FOLDER_PATH)/Align";
			};
			name = Debug;
		};
		24BE70BA2C1FC2330095912C /* Release */ = {
			isa = XCBuildConfiguration;
			buildSettings = {
				BUNDLE_LOADER = "$(TEST_HOST)";
				CODE_SIGN_STYLE = Automatic;
				CURRENT_PROJECT_VERSION = 1;
				DEVELOPMENT_TEAM = 57F7AC83MF;
				GENERATE_INFOPLIST_FILE = YES;
				IPHONEOS_DEPLOYMENT_TARGET = 17.0;
				MARKETING_VERSION = 1.0;
				PRODUCT_BUNDLE_IDENTIFIER = com.Align.Duo.AlignTests;
				PRODUCT_NAME = "$(TARGET_NAME)";
				SUPPORTED_PLATFORMS = "iphoneos iphonesimulator";
				SUPPORTS_MACCATALYST = NO;
				SUPPORTS_MAC_DESIGNED_FOR_IPHONE_IPAD = NO;
				SUPPORTS_XR_DESIGNED_FOR_IPHONE_IPAD = NO;
				SWIFT_EMIT_LOC_STRINGS = NO;
				SWIFT_VERSION = 5.0;
				TARGETED_DEVICE_FAMILY = 1;
				TEST_HOST = "$(BUILT_PRODUCTS_DIR)/Align.app/$(BUNDLE_EXECUTABLE_FOLDER_PATH)/Align";
			};
			name = Release;
		};
		24BE70BC2C1FC2330095912C /* Debug */ = {
			isa = XCBuildConfiguration;
			buildSettings = {
				CODE_SIGN_STYLE = Automatic;
				CURRENT_PROJECT_VERSION = 1;
				DEVELOPMENT_TEAM = 57F7AC83MF;
				GENERATE_INFOPLIST_FILE = YES;
				IPHONEOS_DEPLOYMENT_TARGET = 17.0;
				MARKETING_VERSION = 1.0;
				PRODUCT_BUNDLE_IDENTIFIER = com.Align.Duo.AlignUITests;
				PRODUCT_NAME = "$(TARGET_NAME)";
				SUPPORTED_PLATFORMS = "iphoneos iphonesimulator";
				SUPPORTS_MACCATALYST = NO;
				SUPPORTS_MAC_DESIGNED_FOR_IPHONE_IPAD = NO;
				SUPPORTS_XR_DESIGNED_FOR_IPHONE_IPAD = NO;
				SWIFT_EMIT_LOC_STRINGS = NO;
				SWIFT_VERSION = 5.0;
				TARGETED_DEVICE_FAMILY = 1;
				TEST_TARGET_NAME = Align;
			};
			name = Debug;
		};
		24BE70BD2C1FC2330095912C /* Release */ = {
			isa = XCBuildConfiguration;
			buildSettings = {
				CODE_SIGN_STYLE = Automatic;
				CURRENT_PROJECT_VERSION = 1;
				DEVELOPMENT_TEAM = 57F7AC83MF;
				GENERATE_INFOPLIST_FILE = YES;
				IPHONEOS_DEPLOYMENT_TARGET = 17.0;
				MARKETING_VERSION = 1.0;
				PRODUCT_BUNDLE_IDENTIFIER = com.Align.Duo.AlignUITests;
				PRODUCT_NAME = "$(TARGET_NAME)";
				SUPPORTED_PLATFORMS = "iphoneos iphonesimulator";
				SUPPORTS_MACCATALYST = NO;
				SUPPORTS_MAC_DESIGNED_FOR_IPHONE_IPAD = NO;
				SUPPORTS_XR_DESIGNED_FOR_IPHONE_IPAD = NO;
				SWIFT_EMIT_LOC_STRINGS = NO;
				SWIFT_VERSION = 5.0;
				TARGETED_DEVICE_FAMILY = 1;
				TEST_TARGET_NAME = Align;
			};
			name = Release;
		};
/* End XCBuildConfiguration section */

/* Begin XCConfigurationList section */
		24BE708C2C1FC2300095912C /* Build configuration list for PBXProject "Align" */ = {
			isa = XCConfigurationList;
			buildConfigurations = (
				24BE70B32C1FC2330095912C /* Debug */,
				24BE70B42C1FC2330095912C /* Release */,
			);
			defaultConfigurationIsVisible = 0;
			defaultConfigurationName = Release;
		};
		24BE70B52C1FC2330095912C /* Build configuration list for PBXNativeTarget "Align" */ = {
			isa = XCConfigurationList;
			buildConfigurations = (
				24BE70B62C1FC2330095912C /* Debug */,
				24BE70B72C1FC2330095912C /* Release */,
			);
			defaultConfigurationIsVisible = 0;
			defaultConfigurationName = Release;
		};
		24BE70B82C1FC2330095912C /* Build configuration list for PBXNativeTarget "AlignTests" */ = {
			isa = XCConfigurationList;
			buildConfigurations = (
				24BE70B92C1FC2330095912C /* Debug */,
				24BE70BA2C1FC2330095912C /* Release */,
			);
			defaultConfigurationIsVisible = 0;
			defaultConfigurationName = Release;
		};
		24BE70BB2C1FC2330095912C /* Build configuration list for PBXNativeTarget "AlignUITests" */ = {
			isa = XCConfigurationList;
			buildConfigurations = (
				24BE70BC2C1FC2330095912C /* Debug */,
				24BE70BD2C1FC2330095912C /* Release */,
			);
			defaultConfigurationIsVisible = 0;
			defaultConfigurationName = Release;
		};
/* End XCConfigurationList section */

/* Begin XCRemoteSwiftPackageReference section */
		24FCD4AB2C213B76009BDEB0 /* XCRemoteSwiftPackageReference "supabase-swift" */ = {
			isa = XCRemoteSwiftPackageReference;
			repositoryURL = "https://github.com/supabase-community/supabase-swift";
			requirement = {
				kind = upToNextMajorVersion;
				minimumVersion = 2.5.1;
			};
		};
		24FCD4CE2C2665AD009BDEB0 /* XCRemoteSwiftPackageReference "firebase-ios-sdk" */ = {
			isa = XCRemoteSwiftPackageReference;
			repositoryURL = "https://github.com/firebase/firebase-ios-sdk";
			requirement = {
				kind = upToNextMajorVersion;
				minimumVersion = 10.28.0;
			};
		};
/* End XCRemoteSwiftPackageReference section */

/* Begin XCSwiftPackageProductDependency section */
		24FCD4B02C226B0C009BDEB0 /* Auth */ = {
			isa = XCSwiftPackageProductDependency;
			package = 24FCD4AB2C213B76009BDEB0 /* XCRemoteSwiftPackageReference "supabase-swift" */;
			productName = Auth;
		};
		24FCD4B22C226B0C009BDEB0 /* Functions */ = {
			isa = XCSwiftPackageProductDependency;
			package = 24FCD4AB2C213B76009BDEB0 /* XCRemoteSwiftPackageReference "supabase-swift" */;
			productName = Functions;
		};
		24FCD4B42C226B0C009BDEB0 /* PostgREST */ = {
			isa = XCSwiftPackageProductDependency;
			package = 24FCD4AB2C213B76009BDEB0 /* XCRemoteSwiftPackageReference "supabase-swift" */;
			productName = PostgREST;
		};
		24FCD4B62C226B0C009BDEB0 /* Realtime */ = {
			isa = XCSwiftPackageProductDependency;
			package = 24FCD4AB2C213B76009BDEB0 /* XCRemoteSwiftPackageReference "supabase-swift" */;
			productName = Realtime;
		};
		24FCD4B82C226B0C009BDEB0 /* Storage */ = {
			isa = XCSwiftPackageProductDependency;
			package = 24FCD4AB2C213B76009BDEB0 /* XCRemoteSwiftPackageReference "supabase-swift" */;
			productName = Storage;
		};
		24FCD4BA2C226B0C009BDEB0 /* Supabase */ = {
			isa = XCSwiftPackageProductDependency;
			package = 24FCD4AB2C213B76009BDEB0 /* XCRemoteSwiftPackageReference "supabase-swift" */;
			productName = Supabase;
		};
		24FCD4CF2C2665AD009BDEB0 /* FirebaseAnalytics */ = {
			isa = XCSwiftPackageProductDependency;
			package = 24FCD4CE2C2665AD009BDEB0 /* XCRemoteSwiftPackageReference "firebase-ios-sdk" */;
			productName = FirebaseAnalytics;
		};
		24FCD4D12C2665AD009BDEB0 /* FirebaseAnalyticsOnDeviceConversion */ = {
			isa = XCSwiftPackageProductDependency;
			package = 24FCD4CE2C2665AD009BDEB0 /* XCRemoteSwiftPackageReference "firebase-ios-sdk" */;
			productName = FirebaseAnalyticsOnDeviceConversion;
		};
		24FCD4D32C2665AD009BDEB0 /* FirebaseAnalyticsSwift */ = {
			isa = XCSwiftPackageProductDependency;
			package = 24FCD4CE2C2665AD009BDEB0 /* XCRemoteSwiftPackageReference "firebase-ios-sdk" */;
			productName = FirebaseAnalyticsSwift;
		};
		24FCD4D52C2665AD009BDEB0 /* FirebaseAnalyticsWithoutAdIdSupport */ = {
			isa = XCSwiftPackageProductDependency;
			package = 24FCD4CE2C2665AD009BDEB0 /* XCRemoteSwiftPackageReference "firebase-ios-sdk" */;
			productName = FirebaseAnalyticsWithoutAdIdSupport;
		};
		24FCD4D72C2665AD009BDEB0 /* FirebaseAppCheck */ = {
			isa = XCSwiftPackageProductDependency;
			package = 24FCD4CE2C2665AD009BDEB0 /* XCRemoteSwiftPackageReference "firebase-ios-sdk" */;
			productName = FirebaseAppCheck;
		};
		24FCD4DA2C2669C8009BDEB0 /* FirebaseAppDistribution-Beta */ = {
			isa = XCSwiftPackageProductDependency;
			package = 24FCD4CE2C2665AD009BDEB0 /* XCRemoteSwiftPackageReference "firebase-ios-sdk" */;
			productName = "FirebaseAppDistribution-Beta";
		};
		24FCD4DC2C2669C8009BDEB0 /* FirebaseAuth */ = {
			isa = XCSwiftPackageProductDependency;
			package = 24FCD4CE2C2665AD009BDEB0 /* XCRemoteSwiftPackageReference "firebase-ios-sdk" */;
			productName = FirebaseAuth;
		};
		24FCD4DE2C2669C8009BDEB0 /* FirebaseAuthCombine-Community */ = {
			isa = XCSwiftPackageProductDependency;
			package = 24FCD4CE2C2665AD009BDEB0 /* XCRemoteSwiftPackageReference "firebase-ios-sdk" */;
			productName = "FirebaseAuthCombine-Community";
		};
		24FCD4E02C2669C8009BDEB0 /* FirebaseCrashlytics */ = {
			isa = XCSwiftPackageProductDependency;
			package = 24FCD4CE2C2665AD009BDEB0 /* XCRemoteSwiftPackageReference "firebase-ios-sdk" */;
			productName = FirebaseCrashlytics;
		};
		24FCD4E22C2669C8009BDEB0 /* FirebaseDatabase */ = {
			isa = XCSwiftPackageProductDependency;
			package = 24FCD4CE2C2665AD009BDEB0 /* XCRemoteSwiftPackageReference "firebase-ios-sdk" */;
			productName = FirebaseDatabase;
		};
		24FCD4E42C2669C8009BDEB0 /* FirebaseDatabaseSwift */ = {
			isa = XCSwiftPackageProductDependency;
			package = 24FCD4CE2C2665AD009BDEB0 /* XCRemoteSwiftPackageReference "firebase-ios-sdk" */;
			productName = FirebaseDatabaseSwift;
		};
		24FCD4E62C2669C8009BDEB0 /* FirebaseDynamicLinks */ = {
			isa = XCSwiftPackageProductDependency;
			package = 24FCD4CE2C2665AD009BDEB0 /* XCRemoteSwiftPackageReference "firebase-ios-sdk" */;
			productName = FirebaseDynamicLinks;
		};
		24FCD4E82C2669C8009BDEB0 /* FirebaseFirestore */ = {
			isa = XCSwiftPackageProductDependency;
			package = 24FCD4CE2C2665AD009BDEB0 /* XCRemoteSwiftPackageReference "firebase-ios-sdk" */;
			productName = FirebaseFirestore;
		};
		24FCD4EA2C2669C8009BDEB0 /* FirebaseFirestoreCombine-Community */ = {
			isa = XCSwiftPackageProductDependency;
			package = 24FCD4CE2C2665AD009BDEB0 /* XCRemoteSwiftPackageReference "firebase-ios-sdk" */;
			productName = "FirebaseFirestoreCombine-Community";
		};
		24FCD4EC2C2669C8009BDEB0 /* FirebaseFirestoreSwift */ = {
			isa = XCSwiftPackageProductDependency;
			package = 24FCD4CE2C2665AD009BDEB0 /* XCRemoteSwiftPackageReference "firebase-ios-sdk" */;
			productName = FirebaseFirestoreSwift;
		};
		24FCD4EE2C2669C8009BDEB0 /* FirebaseFunctions */ = {
			isa = XCSwiftPackageProductDependency;
			package = 24FCD4CE2C2665AD009BDEB0 /* XCRemoteSwiftPackageReference "firebase-ios-sdk" */;
			productName = FirebaseFunctions;
		};
		24FCD4F02C2669C8009BDEB0 /* FirebaseFunctionsCombine-Community */ = {
			isa = XCSwiftPackageProductDependency;
			package = 24FCD4CE2C2665AD009BDEB0 /* XCRemoteSwiftPackageReference "firebase-ios-sdk" */;
			productName = "FirebaseFunctionsCombine-Community";
		};
		24FCD4F22C2669C8009BDEB0 /* FirebaseInAppMessaging-Beta */ = {
			isa = XCSwiftPackageProductDependency;
			package = 24FCD4CE2C2665AD009BDEB0 /* XCRemoteSwiftPackageReference "firebase-ios-sdk" */;
			productName = "FirebaseInAppMessaging-Beta";
		};
		24FCD4F42C2669C8009BDEB0 /* FirebaseInAppMessagingSwift-Beta */ = {
			isa = XCSwiftPackageProductDependency;
			package = 24FCD4CE2C2665AD009BDEB0 /* XCRemoteSwiftPackageReference "firebase-ios-sdk" */;
			productName = "FirebaseInAppMessagingSwift-Beta";
		};
		24FCD4F62C2669C8009BDEB0 /* FirebaseInstallations */ = {
			isa = XCSwiftPackageProductDependency;
			package = 24FCD4CE2C2665AD009BDEB0 /* XCRemoteSwiftPackageReference "firebase-ios-sdk" */;
			productName = FirebaseInstallations;
		};
		24FCD4F82C2669C8009BDEB0 /* FirebaseMessaging */ = {
			isa = XCSwiftPackageProductDependency;
			package = 24FCD4CE2C2665AD009BDEB0 /* XCRemoteSwiftPackageReference "firebase-ios-sdk" */;
			productName = FirebaseMessaging;
		};
		24FCD4FA2C2669C8009BDEB0 /* FirebaseMLModelDownloader */ = {
			isa = XCSwiftPackageProductDependency;
			package = 24FCD4CE2C2665AD009BDEB0 /* XCRemoteSwiftPackageReference "firebase-ios-sdk" */;
			productName = FirebaseMLModelDownloader;
		};
		24FCD4FC2C2669C9009BDEB0 /* FirebasePerformance */ = {
			isa = XCSwiftPackageProductDependency;
			package = 24FCD4CE2C2665AD009BDEB0 /* XCRemoteSwiftPackageReference "firebase-ios-sdk" */;
			productName = FirebasePerformance;
		};
		24FCD4FE2C2669C9009BDEB0 /* FirebaseRemoteConfig */ = {
			isa = XCSwiftPackageProductDependency;
			package = 24FCD4CE2C2665AD009BDEB0 /* XCRemoteSwiftPackageReference "firebase-ios-sdk" */;
			productName = FirebaseRemoteConfig;
		};
		24FCD5002C2669C9009BDEB0 /* FirebaseRemoteConfigSwift */ = {
			isa = XCSwiftPackageProductDependency;
			package = 24FCD4CE2C2665AD009BDEB0 /* XCRemoteSwiftPackageReference "firebase-ios-sdk" */;
			productName = FirebaseRemoteConfigSwift;
		};
		24FCD5022C2669C9009BDEB0 /* FirebaseStorage */ = {
			isa = XCSwiftPackageProductDependency;
			package = 24FCD4CE2C2665AD009BDEB0 /* XCRemoteSwiftPackageReference "firebase-ios-sdk" */;
			productName = FirebaseStorage;
		};
		24FCD5042C2669C9009BDEB0 /* FirebaseStorageCombine-Community */ = {
			isa = XCSwiftPackageProductDependency;
			package = 24FCD4CE2C2665AD009BDEB0 /* XCRemoteSwiftPackageReference "firebase-ios-sdk" */;
			productName = "FirebaseStorageCombine-Community";
		};
		24FCD5062C2669C9009BDEB0 /* FirebaseVertexAI-Preview */ = {
			isa = XCSwiftPackageProductDependency;
			package = 24FCD4CE2C2665AD009BDEB0 /* XCRemoteSwiftPackageReference "firebase-ios-sdk" */;
			productName = "FirebaseVertexAI-Preview";
		};
/* End XCSwiftPackageProductDependency section */
	};
	rootObject = 24BE70892C1FC2300095912C /* Project object */;
}
